
Microsoft Visual Studio Solution File, Format Version 12.00
# Visual Studio Version 17
VisualStudioVersion = 17.7.34202.233
MinimumVisualStudioVersion = 10.0.40219.1
Project("{FAE04EC0-301F-11D3-BF4B-00C04F79EFBC}") = "Modul12HW", "Modul12HW.csproj", "{3EC4EE64-B281-4E7F-B094-35AA4AE8DB70}"
EndProject
Global
	GlobalSection(SolutionConfigurationPlatforms) = preSolution
		Debug|Any CPU = Debug|Any CPU
		Release|Any CPU = Release|Any CPU
	EndGlobalSection
	GlobalSection(ProjectConfigurationPlatforms) = postSolution
		{3EC4EE64-B281-4E7F-B094-35AA4AE8DB70}.Debug|Any CPU.ActiveCfg = Debug|Any CPU
		{3EC4EE64-B281-4E7F-B094-35AA4AE8DB70}.Debug|Any CPU.Build.0 = Debug|Any CPU
		{3EC4EE64-B281-4E7F-B094-35AA4AE8DB70}.Release|Any CPU.ActiveCfg = Release|Any CPU
		{3EC4EE64-B281-4E7F-B094-35AA4AE8DB70}.Release|Any CPU.Build.0 = Release|Any CPU
	EndGlobalSection
	GlobalSection(SolutionProperties) = preSolution
		HideSolutionNode = FALSE
	EndGlobalSection
	GlobalSection(ExtensibilityGlobals) = postSolution
		SolutionGuid = {76D72434-5F0E-4ACA-8914-F3C1F731813B}
	EndGlobalSection
EndGlobal
